# This file is autogenerated, do not edit; changes may be undone by the next 'dep ensure'.


[[projects]]
  branch = "master"
  name = "github.com/nfnt/resize"
  packages = ["."]
  revision = "891127d8d1b52734debe1b3c3d7e747502b6c366"

[solve-meta]
  analyzer-name = "dep"
  analyzer-version = 1
  inputs-digest = "884776e65b9996685a8e42e7105d9ea48fdd064e1dc7132730e0d264743eede4"
  solver-name = "gps-cdcl"
  solver-version = 1
